// !$*UTF8*$!
{
	archiveVersion = 1;
	classes = {
	};
	objectVersion = 56;
	objects = {

/* Begin PBXBuildFile section */
		2435D84B2C95101F0013AC9B /* ThemeEditor.swift in Sources */ = {isa = PBXBuildFile; fileRef = 2435D84A2C95101F0013AC9B /* ThemeEditor.swift */; };
		24C7EA6C2C9534A3006E57AA /* ThemeList.swift in Sources */ = {isa = PBXBuildFile; fileRef = 24C7EA6B2C9534A3006E57AA /* ThemeList.swift */; };
		24C7EA6E2C954342006E57AA /* ThemeManager.swift in Sources */ = {isa = PBXBuildFile; fileRef = 24C7EA6D2C954342006E57AA /* ThemeManager.swift */; };
		24C85E1D2C90FED30005F945 /* EmojiArtApp.swift in Sources */ = {isa = PBXBuildFile; fileRef = 24C85E1C2C90FED30005F945 /* EmojiArtApp.swift */; };
		24C85E212C90FED50005F945 /* Assets.xcassets in Resources */ = {isa = PBXBuildFile; fileRef = 24C85E202C90FED50005F945 /* Assets.xcassets */; };
		24C85E242C90FED50005F945 /* Preview Assets.xcassets in Resources */ = {isa = PBXBuildFile; fileRef = 24C85E232C90FED50005F945 /* Preview Assets.xcassets */; };
		24C85E2B2C90FF610005F945 /* EmojiArt.swift in Sources */ = {isa = PBXBuildFile; fileRef = 24C85E2A2C90FF610005F945 /* EmojiArt.swift */; };
		24C85E2D2C90FF850005F945 /* Sturldata.swift in Sources */ = {isa = PBXBuildFile; fileRef = 24C85E2C2C90FF850005F945 /* Sturldata.swift */; };
		24C85E2F2C90FFA00005F945 /* EmojiArtDocument.swift in Sources */ = {isa = PBXBuildFile; fileRef = 24C85E2E2C90FFA00005F945 /* EmojiArtDocument.swift */; };
		24C85E312C90FFB30005F945 /* EmojiThemesStore.swift in Sources */ = {isa = PBXBuildFile; fileRef = 24C85E302C90FFB30005F945 /* EmojiThemesStore.swift */; };
		24C85E332C90FFCE0005F945 /* ThemesView.swift in Sources */ = {isa = PBXBuildFile; fileRef = 24C85E322C90FFCE0005F945 /* ThemesView.swift */; };
		24C85E352C90FFE40005F945 /* EmojiThemes.swift in Sources */ = {isa = PBXBuildFile; fileRef = 24C85E342C90FFE40005F945 /* EmojiThemes.swift */; };
		24C85E372C90FFFE0005F945 /* EmojiArtDocumentView.swift in Sources */ = {isa = PBXBuildFile; fileRef = 24C85E362C90FFFE0005F945 /* EmojiArtDocumentView.swift */; };
		24C85E392C91001A0005F945 /* Extensions.swift in Sources */ = {isa = PBXBuildFile; fileRef = 24C85E382C91001A0005F945 /* Extensions.swift */; };
/* End PBXBuildFile section */

/* Begin PBXFileReference section */
		2435D84A2C95101F0013AC9B /* ThemeEditor.swift */ = {isa = PBXFileReference; lastKnownFileType = sourcecode.swift; path = ThemeEditor.swift; sourceTree = "<group>"; };
		24C3827C2C9E24B600C9113C /* Info.plist */ = {isa = PBXFileReference; lastKnownFileType = text.plist; path = Info.plist; sourceTree = "<group>"; };
		24C7EA6B2C9534A3006E57AA /* ThemeList.swift */ = {isa = PBXFileReference; lastKnownFileType = sourcecode.swift; path = ThemeList.swift; sourceTree = "<group>"; };
		24C7EA6D2C954342006E57AA /* ThemeManager.swift */ = {isa = PBXFileReference; lastKnownFileType = sourcecode.swift; path = ThemeManager.swift; sourceTree = "<group>"; };
		24C85E192C90FED30005F945 /* EmojiArt.app */ = {isa = PBXFileReference; explicitFileType = wrapper.application; includeInIndex = 0; path = EmojiArt.app; sourceTree = BUILT_PRODUCTS_DIR; };
		24C85E1C2C90FED30005F945 /* EmojiArtApp.swift */ = {isa = PBXFileReference; lastKnownFileType = sourcecode.swift; path = EmojiArtApp.swift; sourceTree = "<group>"; };
		24C85E202C90FED50005F945 /* Assets.xcassets */ = {isa = PBXFileReference; lastKnownFileType = folder.assetcatalog; path = Assets.xcassets; sourceTree = "<group>"; };
		24C85E232C90FED50005F945 /* Preview Assets.xcassets */ = {isa = PBXFileReference; lastKnownFileType = folder.assetcatalog; path = "Preview Assets.xcassets"; sourceTree = "<group>"; };
		24C85E2A2C90FF610005F945 /* EmojiArt.swift */ = {isa = PBXFileReference; lastKnownFileType = sourcecode.swift; path = EmojiArt.swift; sourceTree = "<group>"; };
		24C85E2C2C90FF850005F945 /* Sturldata.swift */ = {isa = PBXFileReference; lastKnownFileType = sourcecode.swift; path = Sturldata.swift; sourceTree = "<group>"; };
		24C85E2E2C90FFA00005F945 /* EmojiArtDocument.swift */ = {isa = PBXFileReference; lastKnownFileType = sourcecode.swift; path = EmojiArtDocument.swift; sourceTree = "<group>"; };
		24C85E302C90FFB30005F945 /* EmojiThemesStore.swift */ = {isa = PBXFileReference; lastKnownFileType = sourcecode.swift; path = EmojiThemesStore.swift; sourceTree = "<group>"; };
		24C85E322C90FFCE0005F945 /* ThemesView.swift */ = {isa = PBXFileReference; lastKnownFileType = sourcecode.swift; path = ThemesView.swift; sourceTree = "<group>"; };
		24C85E342C90FFE40005F945 /* EmojiThemes.swift */ = {isa = PBXFileReference; lastKnownFileType = sourcecode.swift; path = EmojiThemes.swift; sourceTree = "<group>"; };
		24C85E362C90FFFE0005F945 /* EmojiArtDocumentView.swift */ = {isa = PBXFileReference; lastKnownFileType = sourcecode.swift; path = EmojiArtDocumentView.swift; sourceTree = "<group>"; };
		24C85E382C91001A0005F945 /* Extensions.swift */ = {isa = PBXFileReference; lastKnownFileType = sourcecode.swift; path = Extensions.swift; sourceTree = "<group>"; };
/* End PBXFileReference section */

/* Begin PBXFrameworksBuildPhase section */
		24C85E162C90FED30005F945 /* Frameworks */ = {
			isa = PBXFrameworksBuildPhase;
			buildActionMask = 2147483647;
			files = (
			);
			runOnlyForDeploymentPostprocessing = 0;
		};
/* End PBXFrameworksBuildPhase section */

/* Begin PBXGroup section */
		24C85E102C90FED30005F945 = {
			isa = PBXGroup;
			children = (
				24C85E1B2C90FED30005F945 /* EmojiArt */,
				24C85E1A2C90FED30005F945 /* Products */,
			);
			sourceTree = "<group>";
		};
		24C85E1A2C90FED30005F945 /* Products */ = {
			isa = PBXGroup;
			children = (
				24C85E192C90FED30005F945 /* EmojiArt.app */,
			);
			name = Products;
			sourceTree = "<group>";
		};
		24C85E1B2C90FED30005F945 /* EmojiArt */ = {
			isa = PBXGroup;
			children = (
				24C3827C2C9E24B600C9113C /* Info.plist */,
				24C85E1C2C90FED30005F945 /* EmojiArtApp.swift */,
				24C85E2A2C90FF610005F945 /* EmojiArt.swift */,
				24C85E2C2C90FF850005F945 /* Sturldata.swift */,
				24C85E2E2C90FFA00005F945 /* EmojiArtDocument.swift */,
				24C85E302C90FFB30005F945 /* EmojiThemesStore.swift */,
				2435D84A2C95101F0013AC9B /* ThemeEditor.swift */,
				24C7EA6B2C9534A3006E57AA /* ThemeList.swift */,
				24C85E322C90FFCE0005F945 /* ThemesView.swift */,
				24C7EA6D2C954342006E57AA /* ThemeManager.swift */,
				24C85E342C90FFE40005F945 /* EmojiThemes.swift */,
				24C85E362C90FFFE0005F945 /* EmojiArtDocumentView.swift */,
				24C85E382C91001A0005F945 /* Extensions.swift */,
				24C85E202C90FED50005F945 /* Assets.xcassets */,
				24C85E222C90FED50005F945 /* Preview Content */,
			);
			path = EmojiArt;
			sourceTree = "<group>";
		};
		24C85E222C90FED50005F945 /* Preview Content */ = {
			isa = PBXGroup;
			children = (
				24C85E232C90FED50005F945 /* Preview Assets.xcassets */,
			);
			path = "Preview Content";
			sourceTree = "<group>";
		};
/* End PBXGroup section */

/* Begin PBXNativeTarget section */
		24C85E182C90FED30005F945 /* EmojiArt */ = {
			isa = PBXNativeTarget;
			buildConfigurationList = 24C85E272C90FED50005F945 /* Build configuration list for PBXNativeTarget "EmojiArt" */;
			buildPhases = (
				24C85E152C90FED30005F945 /* Sources */,
				24C85E162C90FED30005F945 /* Frameworks */,
				24C85E172C90FED30005F945 /* Resources */,
			);
			buildRules = (
			);
			dependencies = (
			);
			name = EmojiArt;
			productName = EmojiArt;
			productReference = 24C85E192C90FED30005F945 /* EmojiArt.app */;
			productType = "com.apple.product-type.application";
		};
/* End PBXNativeTarget section */

/* Begin PBXProject section */
		24C85E112C90FED30005F945 /* Project object */ = {
			isa = PBXProject;
			attributes = {
				BuildIndependentTargetsInParallel = 1;
				LastSwiftUpdateCheck = 1540;
				LastUpgradeCheck = 1540;
				TargetAttributes = {
					24C85E182C90FED30005F945 = {
						CreatedOnToolsVersion = 15.4;
					};
				};
			};
			buildConfigurationList = 24C85E142C90FED30005F945 /* Build configuration list for PBXProject "EmojiArt" */;
			compatibilityVersion = "Xcode 14.0";
			developmentRegion = en;
			hasScannedForEncodings = 0;
			knownRegions = (
				en,
				Base,
			);
			mainGroup = 24C85E102C90FED30005F945;
			productRefGroup = 24C85E1A2C90FED30005F945 /* Products */;
			projectDirPath = "";
			projectRoot = "";
			targets = (
				24C85E182C90FED30005F945 /* EmojiArt */,
			);
		};
/* End PBXProject section */

/* Begin PBXResourcesBuildPhase section */
		24C85E172C90FED30005F945 /* Resources */ = {
			isa = PBXResourcesBuildPhase;
			buildActionMask = 2147483647;
			files = (
				24C85E242C90FED50005F945 /* Preview Assets.xcassets in Resources */,
				24C85E212C90FED50005F945 /* Assets.xcassets in Resources */,
			);
			runOnlyForDeploymentPostprocessing = 0;
		};
/* End PBXResourcesBuildPhase section */

/* Begin PBXSourcesBuildPhase section */
		24C85E152C90FED30005F945 /* Sources */ = {
			isa = PBXSourcesBuildPhase;
			buildActionMask = 2147483647;
			files = (
				24C85E312C90FFB30005F945 /* EmojiThemesStore.swift in Sources */,
				24C7EA6C2C9534A3006E57AA /* ThemeList.swift in Sources */,
				24C85E2B2C90FF610005F945 /* EmojiArt.swift in Sources */,
				24C85E372C90FFFE0005F945 /* EmojiArtDocumentView.swift in Sources */,
				24C85E2F2C90FFA00005F945 /* EmojiArtDocument.swift in Sources */,
				24C85E392C91001A0005F945 /* Extensions.swift in Sources */,
				24C85E332C90FFCE0005F945 /* ThemesView.swift in Sources */,
				2435D84B2C95101F0013AC9B /* ThemeEditor.swift in Sources */,
				24C85E2D2C90FF850005F945 /* Sturldata.swift in Sources */,
				24C85E352C90FFE40005F945 /* EmojiThemes.swift in Sources */,
				24C85E1D2C90FED30005F945 /* EmojiArtApp.swift in Sources */,
				24C7EA6E2C954342006E57AA /* ThemeManager.swift in Sources */,
			);
			runOnlyForDeploymentPostprocessing = 0;
		};
/* End PBXSourcesBuildPhase section */

/* Begin XCBuildConfiguration section */
		24C85E252C90FED50005F945 /* Debug */ = {
			isa = XCBuildConfiguration;
			buildSettings = {
				ALWAYS_SEARCH_USER_PATHS = NO;
				ASSETCATALOG_COMPILER_GENERATE_SWIFT_ASSET_SYMBOL_EXTENSIONS = YES;
				CLANG_ANALYZER_NONNULL = YES;
				CLANG_ANALYZER_NUMBER_OBJECT_CONVERSION = YES_AGGRESSIVE;
				CLANG_CXX_LANGUAGE_STANDARD = "gnu++20";
				CLANG_ENABLE_MODULES = YES;
				CLANG_ENABLE_OBJC_ARC = YES;
				CLANG_ENABLE_OBJC_WEAK = YES;
				CLANG_WARN_BLOCK_CAPTURE_AUTORELEASING = YES;
				CLANG_WARN_BOOL_CONVERSION = YES;
				CLANG_WARN_COMMA = YES;
				CLANG_WARN_CONSTANT_CONVERSION = YES;
				CLANG_WARN_DEPRECATED_OBJC_IMPLEMENTATIONS = YES;
				CLANG_WARN_DIRECT_OBJC_ISA_USAGE = YES_ERROR;
				CLANG_WARN_DOCUMENTATION_COMMENTS = YES;
				CLANG_WARN_EMPTY_BODY = YES;
				CLANG_WARN_ENUM_CONVERSION = YES;
				CLANG_WARN_INFINITE_RECURSION = YES;
				CLANG_WARN_INT_CONVERSION = YES;
				CLANG_WARN_NON_LITERAL_NULL_CONVERSION = YES;
				CLANG_WARN_OBJC_IMPLICIT_RETAIN_SELF = YES;
				CLANG_WARN_OBJC_LITERAL_CONVERSION = YES;
				CLANG_WARN_OBJC_ROOT_CLASS = YES_ERROR;
				CLANG_WARN_QUOTED_INCLUDE_IN_FRAMEWORK_HEADER = YES;
				CLANG_WARN_RANGE_LOOP_ANALYSIS = YES;
				CLANG_WARN_STRICT_PROTOTYPES = YES;
				CLANG_WARN_SUSPICIOUS_MOVE = YES;
				CLANG_WARN_UNGUARDED_AVAILABILITY = YES_AGGRESSIVE;
				CLANG_WARN_UNREACHABLE_CODE = YES;
				CLANG_WARN__DUPLICATE_METHOD_MATCH = YES;
				COPY_PHASE_STRIP = NO;
				DEBUG_INFORMATION_FORMAT = dwarf;
				ENABLE_STRICT_OBJC_MSGSEND = YES;
				ENABLE_TESTABILITY = YES;
				ENABLE_USER_SCRIPT_SANDBOXING = YES;
				GCC_C_LANGUAGE_STANDARD = gnu17;
				GCC_DYNAMIC_NO_PIC = NO;
				GCC_NO_COMMON_BLOCKS = YES;
				GCC_OPTIMIZATION_LEVEL = 0;
				GCC_PREPROCESSOR_DEFINITIONS = (
					"DEBUG=1",
					"$(inherited)",
				);
				GCC_WARN_64_TO_32_BIT_CONVERSION = YES;
				GCC_WARN_ABOUT_RETURN_TYPE = YES_ERROR;
				GCC_WARN_UNDECLARED_SELECTOR = YES;
				GCC_WARN_UNINITIALIZED_AUTOS = YES_AGGRESSIVE;
				GCC_WARN_UNUSED_FUNCTION = YES;
				GCC_WARN_UNUSED_VARIABLE = YES;
				IPHONEOS_DEPLOYMENT_TARGET = 17.5;
				LOCALIZATION_PREFERS_STRING_CATALOGS = YES;
				MTL_ENABLE_DEBUG_INFO = INCLUDE_SOURCE;
				MTL_FAST_MATH = YES;
				ONLY_ACTIVE_ARCH = YES;
				SDKROOT = iphoneos;
				SWIFT_ACTIVE_COMPILATION_CONDITIONS = "DEBUG $(inherited)";
				SWIFT_OPTIMIZATION_LEVEL = "-Onone";
			};
			name = Debug;
		};
		24C85E262C90FED50005F945 /* Release */ = {
			isa = XCBuildConfiguration;
			buildSettings = {
				ALWAYS_SEARCH_USER_PATHS = NO;
				ASSETCATALOG_COMPILER_GENERATE_SWIFT_ASSET_SYMBOL_EXTENSIONS = YES;
				CLANG_ANALYZER_NONNULL = YES;
				CLANG_ANALYZER_NUMBER_OBJECT_CONVERSION = YES_AGGRESSIVE;
				CLANG_CXX_LANGUAGE_STANDARD = "gnu++20";
				CLANG_ENABLE_MODULES = YES;
				CLANG_ENABLE_OBJC_ARC = YES;
				CLANG_ENABLE_OBJC_WEAK = YES;
				CLANG_WARN_BLOCK_CAPTURE_AUTORELEASING = YES;
				CLANG_WARN_BOOL_CONVERSION = YES;
				CLANG_WARN_COMMA = YES;
				CLANG_WARN_CONSTANT_CONVERSION = YES;
				CLANG_WARN_DEPRECATED_OBJC_IMPLEMENTATIONS = YES;
				CLANG_WARN_DIRECT_OBJC_ISA_USAGE = YES_ERROR;
				CLANG_WARN_DOCUMENTATION_COMMENTS = YES;
				CLANG_WARN_EMPTY_BODY = YES;
				CLANG_WARN_ENUM_CONVERSION = YES;
				CLANG_WARN_INFINITE_RECURSION = YES;
				CLANG_WARN_INT_CONVERSION = YES;
				CLANG_WARN_NON_LITERAL_NULL_CONVERSION = YES;
				CLANG_WARN_OBJC_IMPLICIT_RETAIN_SELF = YES;
				CLANG_WARN_OBJC_LITERAL_CONVERSION = YES;
				CLANG_WARN_OBJC_ROOT_CLASS = YES_ERROR;
				CLANG_WARN_QUOTED_INCLUDE_IN_FRAMEWORK_HEADER = YES;
				CLANG_WARN_RANGE_LOOP_ANALYSIS = YES;
				CLANG_WARN_STRICT_PROTOTYPES = YES;
				CLANG_WARN_SUSPICIOUS_MOVE = YES;
				CLANG_WARN_UNGUARDED_AVAILABILITY = YES_AGGRESSIVE;
				CLANG_WARN_UNREACHABLE_CODE = YES;
				CLANG_WARN__DUPLICATE_METHOD_MATCH = YES;
				COPY_PHASE_STRIP = NO;
				DEBUG_INFORMATION_FORMAT = "dwarf-with-dsym";
				ENABLE_NS_ASSERTIONS = NO;
				ENABLE_STRICT_OBJC_MSGSEND = YES;
				ENABLE_USER_SCRIPT_SANDBOXING = YES;
				GCC_C_LANGUAGE_STANDARD = gnu17;
				GCC_NO_COMMON_BLOCKS = YES;
				GCC_WARN_64_TO_32_BIT_CONVERSION = YES;
				GCC_WARN_ABOUT_RETURN_TYPE = YES_ERROR;
				GCC_WARN_UNDECLARED_SELECTOR = YES;
				GCC_WARN_UNINITIALIZED_AUTOS = YES_AGGRESSIVE;
				GCC_WARN_UNUSED_FUNCTION = YES;
				GCC_WARN_UNUSED_VARIABLE = YES;
				IPHONEOS_DEPLOYMENT_TARGET = 17.5;
				LOCALIZATION_PREFERS_STRING_CATALOGS = YES;
				MTL_ENABLE_DEBUG_INFO = NO;
				MTL_FAST_MATH = YES;
				SDKROOT = iphoneos;
				SWIFT_COMPILATION_MODE = wholemodule;
				VALIDATE_PRODUCT = YES;
			};
			name = Release;
		};
		24C85E282C90FED50005F945 /* Debug */ = {
			isa = XCBuildConfiguration;
			buildSettings = {
				ASSETCATALOG_COMPILER_APPICON_NAME = AppIcon;
				ASSETCATALOG_COMPILER_GLOBAL_ACCENT_COLOR_NAME = AccentColor;
				CODE_SIGN_STYLE = Automatic;
				CURRENT_PROJECT_VERSION = 1;
				DEVELOPMENT_ASSET_PATHS = "\"EmojiArt/Preview Content\"";
				DEVELOPMENT_TEAM = QL4M34TH83;
				ENABLE_PREVIEWS = YES;
				GENERATE_INFOPLIST_FILE = YES;
				INFOPLIST_FILE = EmojiArt/Info.plist;
				INFOPLIST_KEY_UIApplicationSceneManifest_Generation = YES;
				INFOPLIST_KEY_UIApplicationSupportsIndirectInputEvents = YES;
				INFOPLIST_KEY_UILaunchScreen_Generation = YES;
				INFOPLIST_KEY_UISupportedInterfaceOrientations_iPad = "UIInterfaceOrientationPortrait UIInterfaceOrientationPortraitUpsideDown UIInterfaceOrientationLandscapeLeft UIInterfaceOrientationLandscapeRight";
				INFOPLIST_KEY_UISupportedInterfaceOrientations_iPhone = "UIInterfaceOrientationPortrait UIInterfaceOrientationLandscapeLeft UIInterfaceOrientationLandscapeRight";
				INFOPLIST_KEY_UISupportsDocumentBrowser = YES;
				LD_RUNPATH_SEARCH_PATHS = (
					"$(inherited)",
					"@executable_path/Frameworks",
				);
				MARKETING_VERSION = 1.0;
				PRODUCT_BUNDLE_IDENTIFIER = co.drishtiregmi.EmojiArt;
				PRODUCT_NAME = "$(TARGET_NAME)";
				SWIFT_EMIT_LOC_STRINGS = YES;
				SWIFT_VERSION = 5.0;
				TARGETED_DEVICE_FAMILY = "1,2";
			};
			name = Debug;
		};
		24C85E292C90FED50005F945 /* Release */ = {
			isa = XCBuildConfiguration;
			buildSettings = {
				ASSETCATALOG_COMPILER_APPICON_NAME = AppIcon;
				ASSETCATALOG_COMPILER_GLOBAL_ACCENT_COLOR_NAME = AccentColor;
				CODE_SIGN_STYLE = Automatic;
				CURRENT_PROJECT_VERSION = 1;
				DEVELOPMENT_ASSET_PATHS = "\"EmojiArt/Preview Content\"";
				DEVELOPMENT_TEAM = QL4M34TH83;
				ENABLE_PREVIEWS = YES;
				GENERATE_INFOPLIST_FILE = YES;
				INFOPLIST_FILE = EmojiArt/Info.plist;
				INFOPLIST_KEY_UIApplicationSceneManifest_Generation = YES;
				INFOPLIST_KEY_UIApplicationSupportsIndirectInputEvents = YES;
				INFOPLIST_KEY_UILaunchScreen_Generation = YES;
				INFOPLIST_KEY_UISupportedInterfaceOrientations_iPad = "UIInterfaceOrientationPortrait UIInterfaceOrientationPortraitUpsideDown UIInterfaceOrientationLandscapeLeft UIInterfaceOrientationLandscapeRight";
				INFOPLIST_KEY_UISupportedInterfaceOrientations_iPhone = "UIInterfaceOrientationPortrait UIInterfaceOrientationLandscapeLeft UIInterfaceOrientationLandscapeRight";
				INFOPLIST_KEY_UISupportsDocumentBrowser = YES;
				LD_RUNPATH_SEARCH_PATHS = (
					"$(inherited)",
					"@executable_path/Frameworks",
				);
				MARKETING_VERSION = 1.0;
				PRODUCT_BUNDLE_IDENTIFIER = co.drishtiregmi.EmojiArt;
				PRODUCT_NAME = "$(TARGET_NAME)";
				SWIFT_EMIT_LOC_STRINGS = YES;
				SWIFT_VERSION = 5.0;
				TARGETED_DEVICE_FAMILY = "1,2";
			};
			name = Release;
		};
/* End XCBuildConfiguration section */

/* Begin XCConfigurationList section */
		24C85E142C90FED30005F945 /* Build configuration list for PBXProject "EmojiArt" */ = {
			isa = XCConfigurationList;
			buildConfigurations = (
				24C85E252C90FED50005F945 /* Debug */,
				24C85E262C90FED50005F945 /* Release */,
			);
			defaultConfigurationIsVisible = 0;
			defaultConfigurationName = Release;
		};
		24C85E272C90FED50005F945 /* Build configuration list for PBXNativeTarget "EmojiArt" */ = {
			isa = XCConfigurationList;
			buildConfigurations = (
				24C85E282C90FED50005F945 /* Debug */,
				24C85E292C90FED50005F945 /* Release */,
			);
			defaultConfigurationIsVisible = 0;
			defaultConfigurationName = Release;
		};
/* End XCConfigurationList section */
	};
	rootObject = 24C85E112C90FED30005F945 /* Project object */;
}
