// !$*UTF8*$!
{
	archiveVersion = 1;
	classes = {
	};
	objectVersion = 56;
	objects = {

/* Begin PBXBuildFile section */
		24295CE02C9AA87400A6D40A /* ThemeEditor.swift in Sources */ = {isa = PBXBuildFile; fileRef = 24295CDF2C9AA87400A6D40A /* ThemeEditor.swift */; };
		243C1D3E2C52EB9600ECAB2F /* Theme.swift in Sources */ = {isa = PBXBuildFile; fileRef = 243C1D3D2C52EB9600ECAB2F /* Theme.swift */; };
		24B6294F2C96A30500A056C0 /* ThemeStoreView.swift in Sources */ = {isa = PBXBuildFile; fileRef = 24B6294E2C96A30400A056C0 /* ThemeStoreView.swift */; };
		24B629512C96B0CA00A056C0 /* ThemeStore.swift in Sources */ = {isa = PBXBuildFile; fileRef = 24B629502C96B0CA00A056C0 /* ThemeStore.swift */; };
		24BC7C5D2C7EF8CE00999B7D /* FlyingNumber.swift in Sources */ = {isa = PBXBuildFile; fileRef = 24BC7C5C2C7EF8CE00999B7D /* FlyingNumber.swift */; };
		24CE234D2C5E25C7006540F7 /* AspectVGrid.swift in Sources */ = {isa = PBXBuildFile; fileRef = 24CE234C2C5E25C7006540F7 /* AspectVGrid.swift */; };
		24CE23532C5F3B94006540F7 /* CardStruct.swift in Sources */ = {isa = PBXBuildFile; fileRef = 24CE23522C5F3B94006540F7 /* CardStruct.swift */; };
		24CE23552C5F6296006540F7 /* Pie.swift in Sources */ = {isa = PBXBuildFile; fileRef = 24CE23542C5F6296006540F7 /* Pie.swift */; };
		24CE23572C5F725F006540F7 /* Cardify.swift in Sources */ = {isa = PBXBuildFile; fileRef = 24CE23562C5F725F006540F7 /* Cardify.swift */; };
		24FF93442C2BFF3200354F25 /* MemorizeFromScratchApp.swift in Sources */ = {isa = PBXBuildFile; fileRef = 24FF93432C2BFF3200354F25 /* MemorizeFromScratchApp.swift */; };
		24FF93462C2BFF3200354F25 /* EmojiMemoryGameView.swift in Sources */ = {isa = PBXBuildFile; fileRef = 24FF93452C2BFF3200354F25 /* EmojiMemoryGameView.swift */; };
		24FF93482C2BFF3400354F25 /* Assets.xcassets in Resources */ = {isa = PBXBuildFile; fileRef = 24FF93472C2BFF3400354F25 /* Assets.xcassets */; };
		24FF934B2C2BFF3400354F25 /* Preview Assets.xcassets in Resources */ = {isa = PBXBuildFile; fileRef = 24FF934A2C2BFF3400354F25 /* Preview Assets.xcassets */; };
		24FF935A2C39022100354F25 /* MemoryGame.swift in Sources */ = {isa = PBXBuildFile; fileRef = 24FF93592C39022100354F25 /* MemoryGame.swift */; };
		24FF935C2C39191600354F25 /* EmojiMemoryGame.swift in Sources */ = {isa = PBXBuildFile; fileRef = 24FF935B2C39191600354F25 /* EmojiMemoryGame.swift */; };
/* End PBXBuildFile section */

/* Begin PBXFileReference section */
		24295CDF2C9AA87400A6D40A /* ThemeEditor.swift */ = {isa = PBXFileReference; lastKnownFileType = sourcecode.swift; path = ThemeEditor.swift; sourceTree = "<group>"; };
		243C1D3D2C52EB9600ECAB2F /* Theme.swift */ = {isa = PBXFileReference; lastKnownFileType = sourcecode.swift; path = Theme.swift; sourceTree = "<group>"; };
		24B6294E2C96A30400A056C0 /* ThemeStoreView.swift */ = {isa = PBXFileReference; lastKnownFileType = sourcecode.swift; path = ThemeStoreView.swift; sourceTree = "<group>"; };
		24B629502C96B0CA00A056C0 /* ThemeStore.swift */ = {isa = PBXFileReference; lastKnownFileType = sourcecode.swift; path = ThemeStore.swift; sourceTree = "<group>"; };
		24BC7C5C2C7EF8CE00999B7D /* FlyingNumber.swift */ = {isa = PBXFileReference; lastKnownFileType = sourcecode.swift; path = FlyingNumber.swift; sourceTree = "<group>"; };
		24CE234C2C5E25C7006540F7 /* AspectVGrid.swift */ = {isa = PBXFileReference; lastKnownFileType = sourcecode.swift; path = AspectVGrid.swift; sourceTree = "<group>"; };
		24CE23522C5F3B94006540F7 /* CardStruct.swift */ = {isa = PBXFileReference; lastKnownFileType = sourcecode.swift; path = CardStruct.swift; sourceTree = "<group>"; };
		24CE23542C5F6296006540F7 /* Pie.swift */ = {isa = PBXFileReference; lastKnownFileType = sourcecode.swift; path = Pie.swift; sourceTree = "<group>"; };
		24CE23562C5F725F006540F7 /* Cardify.swift */ = {isa = PBXFileReference; lastKnownFileType = sourcecode.swift; path = Cardify.swift; sourceTree = "<group>"; };
		24FF93402C2BFF3200354F25 /* MemorizeFromScratch.app */ = {isa = PBXFileReference; explicitFileType = wrapper.application; includeInIndex = 0; path = MemorizeFromScratch.app; sourceTree = BUILT_PRODUCTS_DIR; };
		24FF93432C2BFF3200354F25 /* MemorizeFromScratchApp.swift */ = {isa = PBXFileReference; lastKnownFileType = sourcecode.swift; path = MemorizeFromScratchApp.swift; sourceTree = "<group>"; };
		24FF93452C2BFF3200354F25 /* EmojiMemoryGameView.swift */ = {isa = PBXFileReference; lastKnownFileType = sourcecode.swift; path = EmojiMemoryGameView.swift; sourceTree = "<group>"; };
		24FF93472C2BFF3400354F25 /* Assets.xcassets */ = {isa = PBXFileReference; lastKnownFileType = folder.assetcatalog; path = Assets.xcassets; sourceTree = "<group>"; };
		24FF934A2C2BFF3400354F25 /* Preview Assets.xcassets */ = {isa = PBXFileReference; lastKnownFileType = folder.assetcatalog; path = "Preview Assets.xcassets"; sourceTree = "<group>"; };
		24FF93592C39022100354F25 /* MemoryGame.swift */ = {isa = PBXFileReference; lastKnownFileType = sourcecode.swift; path = MemoryGame.swift; sourceTree = "<group>"; };
		24FF935B2C39191600354F25 /* EmojiMemoryGame.swift */ = {isa = PBXFileReference; lastKnownFileType = sourcecode.swift; path = EmojiMemoryGame.swift; sourceTree = "<group>"; };
/* End PBXFileReference section */

/* Begin PBXFrameworksBuildPhase section */
		24FF933D2C2BFF3200354F25 /* Frameworks */ = {
			isa = PBXFrameworksBuildPhase;
			buildActionMask = 2147483647;
			files = (
			);
			runOnlyForDeploymentPostprocessing = 0;
		};
/* End PBXFrameworksBuildPhase section */

/* Begin PBXGroup section */
		24FF93372C2BFF3200354F25 = {
			isa = PBXGroup;
			children = (
				24FF93422C2BFF3200354F25 /* MemorizeFromScratch */,
				24FF93412C2BFF3200354F25 /* Products */,
			);
			sourceTree = "<group>";
		};
		24FF93412C2BFF3200354F25 /* Products */ = {
			isa = PBXGroup;
			children = (
				24FF93402C2BFF3200354F25 /* MemorizeFromScratch.app */,
			);
			name = Products;
			sourceTree = "<group>";
		};
		24FF93422C2BFF3200354F25 /* MemorizeFromScratch */ = {
			isa = PBXGroup;
			children = (
				24FF93432C2BFF3200354F25 /* MemorizeFromScratchApp.swift */,
				243C1D3D2C52EB9600ECAB2F /* Theme.swift */,
				24FF93452C2BFF3200354F25 /* EmojiMemoryGameView.swift */,
				24CE23562C5F725F006540F7 /* Cardify.swift */,
				24BC7C5C2C7EF8CE00999B7D /* FlyingNumber.swift */,
				24CE23522C5F3B94006540F7 /* CardStruct.swift */,
				24CE23542C5F6296006540F7 /* Pie.swift */,
				24CE234C2C5E25C7006540F7 /* AspectVGrid.swift */,
				24FF93592C39022100354F25 /* MemoryGame.swift */,
				24B6294E2C96A30400A056C0 /* ThemeStoreView.swift */,
				24295CDF2C9AA87400A6D40A /* ThemeEditor.swift */,
				24B629502C96B0CA00A056C0 /* ThemeStore.swift */,
				24FF935B2C39191600354F25 /* EmojiMemoryGame.swift */,
				24FF93472C2BFF3400354F25 /* Assets.xcassets */,
				24FF93492C2BFF3400354F25 /* Preview Content */,
			);
			path = MemorizeFromScratch;
			sourceTree = "<group>";
		};
		24FF93492C2BFF3400354F25 /* Preview Content */ = {
			isa = PBXGroup;
			children = (
				24FF934A2C2BFF3400354F25 /* Preview Assets.xcassets */,
			);
			path = "Preview Content";
			sourceTree = "<group>";
		};
/* End PBXGroup section */

/* Begin PBXNativeTarget section */
		24FF933F2C2BFF3200354F25 /* MemorizeFromScratch */ = {
			isa = PBXNativeTarget;
			buildConfigurationList = 24FF934E2C2BFF3400354F25 /* Build configuration list for PBXNativeTarget "MemorizeFromScratch" */;
			buildPhases = (
				24FF933C2C2BFF3200354F25 /* Sources */,
				24FF933D2C2BFF3200354F25 /* Frameworks */,
				24FF933E2C2BFF3200354F25 /* Resources */,
			);
			buildRules = (
			);
			dependencies = (
			);
			name = MemorizeFromScratch;
			productName = MemorizeFromScratch;
			productReference = 24FF93402C2BFF3200354F25 /* MemorizeFromScratch.app */;
			productType = "com.apple.product-type.application";
		};
/* End PBXNativeTarget section */

/* Begin PBXProject section */
		24FF93382C2BFF3200354F25 /* Project object */ = {
			isa = PBXProject;
			attributes = {
				BuildIndependentTargetsInParallel = 1;
				LastSwiftUpdateCheck = 1540;
				LastUpgradeCheck = 1540;
				TargetAttributes = {
					24FF933F2C2BFF3200354F25 = {
						CreatedOnToolsVersion = 15.4;
					};
				};
			};
			buildConfigurationList = 24FF933B2C2BFF3200354F25 /* Build configuration list for PBXProject "MemorizeFromScratch" */;
			compatibilityVersion = "Xcode 14.0";
			developmentRegion = en;
			hasScannedForEncodings = 0;
			knownRegions = (
				en,
				Base,
			);
			mainGroup = 24FF93372C2BFF3200354F25;
			productRefGroup = 24FF93412C2BFF3200354F25 /* Products */;
			projectDirPath = "";
			projectRoot = "";
			targets = (
				24FF933F2C2BFF3200354F25 /* MemorizeFromScratch */,
			);
		};
/* End PBXProject section */

/* Begin PBXResourcesBuildPhase section */
		24FF933E2C2BFF3200354F25 /* Resources */ = {
			isa = PBXResourcesBuildPhase;
			buildActionMask = 2147483647;
			files = (
				24FF934B2C2BFF3400354F25 /* Preview Assets.xcassets in Resources */,
				24FF93482C2BFF3400354F25 /* Assets.xcassets in Resources */,
			);
			runOnlyForDeploymentPostprocessing = 0;
		};
/* End PBXResourcesBuildPhase section */

/* Begin PBXSourcesBuildPhase section */
		24FF933C2C2BFF3200354F25 /* Sources */ = {
			isa = PBXSourcesBuildPhase;
			buildActionMask = 2147483647;
			files = (
				24FF93462C2BFF3200354F25 /* EmojiMemoryGameView.swift in Sources */,
				24295CE02C9AA87400A6D40A /* ThemeEditor.swift in Sources */,
				24B6294F2C96A30500A056C0 /* ThemeStoreView.swift in Sources */,
				24FF93442C2BFF3200354F25 /* MemorizeFromScratchApp.swift in Sources */,
				24CE23552C5F6296006540F7 /* Pie.swift in Sources */,
				24CE23572C5F725F006540F7 /* Cardify.swift in Sources */,
				24CE234D2C5E25C7006540F7 /* AspectVGrid.swift in Sources */,
				24CE23532C5F3B94006540F7 /* CardStruct.swift in Sources */,
				24B629512C96B0CA00A056C0 /* ThemeStore.swift in Sources */,
				243C1D3E2C52EB9600ECAB2F /* Theme.swift in Sources */,
				24FF935A2C39022100354F25 /* MemoryGame.swift in Sources */,
				24FF935C2C39191600354F25 /* EmojiMemoryGame.swift in Sources */,
				24BC7C5D2C7EF8CE00999B7D /* FlyingNumber.swift in Sources */,
			);
			runOnlyForDeploymentPostprocessing = 0;
		};
/* End PBXSourcesBuildPhase section */

/* Begin XCBuildConfiguration section */
		24FF934C2C2BFF3400354F25 /* Debug */ = {
			isa = XCBuildConfiguration;
			buildSettings = {
				ALWAYS_SEARCH_USER_PATHS = NO;
				ASSETCATALOG_COMPILER_GENERATE_SWIFT_ASSET_SYMBOL_EXTENSIONS = YES;
				CLANG_ANALYZER_NONNULL = YES;
				CLANG_ANALYZER_NUMBER_OBJECT_CONVERSION = YES_AGGRESSIVE;
				CLANG_CXX_LANGUAGE_STANDARD = "gnu++20";
				CLANG_ENABLE_MODULES = YES;
				CLANG_ENABLE_OBJC_ARC = YES;
				CLANG_ENABLE_OBJC_WEAK = YES;
				CLANG_WARN_BLOCK_CAPTURE_AUTORELEASING = YES;
				CLANG_WARN_BOOL_CONVERSION = YES;
				CLANG_WARN_COMMA = YES;
				CLANG_WARN_CONSTANT_CONVERSION = YES;
				CLANG_WARN_DEPRECATED_OBJC_IMPLEMENTATIONS = YES;
				CLANG_WARN_DIRECT_OBJC_ISA_USAGE = YES_ERROR;
				CLANG_WARN_DOCUMENTATION_COMMENTS = YES;
				CLANG_WARN_EMPTY_BODY = YES;
				CLANG_WARN_ENUM_CONVERSION = YES;
				CLANG_WARN_INFINITE_RECURSION = YES;
				CLANG_WARN_INT_CONVERSION = YES;
				CLANG_WARN_NON_LITERAL_NULL_CONVERSION = YES;
				CLANG_WARN_OBJC_IMPLICIT_RETAIN_SELF = YES;
				CLANG_WARN_OBJC_LITERAL_CONVERSION = YES;
				CLANG_WARN_OBJC_ROOT_CLASS = YES_ERROR;
				CLANG_WARN_QUOTED_INCLUDE_IN_FRAMEWORK_HEADER = YES;
				CLANG_WARN_RANGE_LOOP_ANALYSIS = YES;
				CLANG_WARN_STRICT_PROTOTYPES = YES;
				CLANG_WARN_SUSPICIOUS_MOVE = YES;
				CLANG_WARN_UNGUARDED_AVAILABILITY = YES_AGGRESSIVE;
				CLANG_WARN_UNREACHABLE_CODE = YES;
				CLANG_WARN__DUPLICATE_METHOD_MATCH = YES;
				COPY_PHASE_STRIP = NO;
				DEBUG_INFORMATION_FORMAT = dwarf;
				ENABLE_STRICT_OBJC_MSGSEND = YES;
				ENABLE_TESTABILITY = YES;
				ENABLE_USER_SCRIPT_SANDBOXING = YES;
				GCC_C_LANGUAGE_STANDARD = gnu17;
				GCC_DYNAMIC_NO_PIC = NO;
				GCC_NO_COMMON_BLOCKS = YES;
				GCC_OPTIMIZATION_LEVEL = 0;
				GCC_PREPROCESSOR_DEFINITIONS = (
					"DEBUG=1",
					"$(inherited)",
				);
				GCC_WARN_64_TO_32_BIT_CONVERSION = YES;
				GCC_WARN_ABOUT_RETURN_TYPE = YES_ERROR;
				GCC_WARN_UNDECLARED_SELECTOR = YES;
				GCC_WARN_UNINITIALIZED_AUTOS = YES_AGGRESSIVE;
				GCC_WARN_UNUSED_FUNCTION = YES;
				GCC_WARN_UNUSED_VARIABLE = YES;
				IPHONEOS_DEPLOYMENT_TARGET = 17.5;
				LOCALIZATION_PREFERS_STRING_CATALOGS = YES;
				MTL_ENABLE_DEBUG_INFO = INCLUDE_SOURCE;
				MTL_FAST_MATH = YES;
				ONLY_ACTIVE_ARCH = YES;
				SDKROOT = iphoneos;
				SWIFT_ACTIVE_COMPILATION_CONDITIONS = "DEBUG $(inherited)";
				SWIFT_OPTIMIZATION_LEVEL = "-Onone";
			};
			name = Debug;
		};
		24FF934D2C2BFF3400354F25 /* Release */ = {
			isa = XCBuildConfiguration;
			buildSettings = {
				ALWAYS_SEARCH_USER_PATHS = NO;
				ASSETCATALOG_COMPILER_GENERATE_SWIFT_ASSET_SYMBOL_EXTENSIONS = YES;
				CLANG_ANALYZER_NONNULL = YES;
				CLANG_ANALYZER_NUMBER_OBJECT_CONVERSION = YES_AGGRESSIVE;
				CLANG_CXX_LANGUAGE_STANDARD = "gnu++20";
				CLANG_ENABLE_MODULES = YES;
				CLANG_ENABLE_OBJC_ARC = YES;
				CLANG_ENABLE_OBJC_WEAK = YES;
				CLANG_WARN_BLOCK_CAPTURE_AUTORELEASING = YES;
				CLANG_WARN_BOOL_CONVERSION = YES;
				CLANG_WARN_COMMA = YES;
				CLANG_WARN_CONSTANT_CONVERSION = YES;
				CLANG_WARN_DEPRECATED_OBJC_IMPLEMENTATIONS = YES;
				CLANG_WARN_DIRECT_OBJC_ISA_USAGE = YES_ERROR;
				CLANG_WARN_DOCUMENTATION_COMMENTS = YES;
				CLANG_WARN_EMPTY_BODY = YES;
				CLANG_WARN_ENUM_CONVERSION = YES;
				CLANG_WARN_INFINITE_RECURSION = YES;
				CLANG_WARN_INT_CONVERSION = YES;
				CLANG_WARN_NON_LITERAL_NULL_CONVERSION = YES;
				CLANG_WARN_OBJC_IMPLICIT_RETAIN_SELF = YES;
				CLANG_WARN_OBJC_LITERAL_CONVERSION = YES;
				CLANG_WARN_OBJC_ROOT_CLASS = YES_ERROR;
				CLANG_WARN_QUOTED_INCLUDE_IN_FRAMEWORK_HEADER = YES;
				CLANG_WARN_RANGE_LOOP_ANALYSIS = YES;
				CLANG_WARN_STRICT_PROTOTYPES = YES;
				CLANG_WARN_SUSPICIOUS_MOVE = YES;
				CLANG_WARN_UNGUARDED_AVAILABILITY = YES_AGGRESSIVE;
				CLANG_WARN_UNREACHABLE_CODE = YES;
				CLANG_WARN__DUPLICATE_METHOD_MATCH = YES;
				COPY_PHASE_STRIP = NO;
				DEBUG_INFORMATION_FORMAT = "dwarf-with-dsym";
				ENABLE_NS_ASSERTIONS = NO;
				ENABLE_STRICT_OBJC_MSGSEND = YES;
				ENABLE_USER_SCRIPT_SANDBOXING = YES;
				GCC_C_LANGUAGE_STANDARD = gnu17;
				GCC_NO_COMMON_BLOCKS = YES;
				GCC_WARN_64_TO_32_BIT_CONVERSION = YES;
				GCC_WARN_ABOUT_RETURN_TYPE = YES_ERROR;
				GCC_WARN_UNDECLARED_SELECTOR = YES;
				GCC_WARN_UNINITIALIZED_AUTOS = YES_AGGRESSIVE;
				GCC_WARN_UNUSED_FUNCTION = YES;
				GCC_WARN_UNUSED_VARIABLE = YES;
				IPHONEOS_DEPLOYMENT_TARGET = 17.5;
				LOCALIZATION_PREFERS_STRING_CATALOGS = YES;
				MTL_ENABLE_DEBUG_INFO = NO;
				MTL_FAST_MATH = YES;
				SDKROOT = iphoneos;
				SWIFT_COMPILATION_MODE = wholemodule;
				VALIDATE_PRODUCT = YES;
			};
			name = Release;
		};
		24FF934F2C2BFF3400354F25 /* Debug */ = {
			isa = XCBuildConfiguration;
			buildSettings = {
				ASSETCATALOG_COMPILER_APPICON_NAME = AppIcon;
				ASSETCATALOG_COMPILER_GLOBAL_ACCENT_COLOR_NAME = AccentColor;
				CODE_SIGN_STYLE = Automatic;
				CURRENT_PROJECT_VERSION = 1;
				DEVELOPMENT_ASSET_PATHS = "\"MemorizeFromScratch/Preview Content\"";
				DEVELOPMENT_TEAM = QL4M34TH83;
				ENABLE_PREVIEWS = YES;
				GENERATE_INFOPLIST_FILE = YES;
				INFOPLIST_KEY_UIApplicationSceneManifest_Generation = YES;
				INFOPLIST_KEY_UIApplicationSupportsIndirectInputEvents = YES;
				INFOPLIST_KEY_UILaunchScreen_Generation = YES;
				INFOPLIST_KEY_UISupportedInterfaceOrientations_iPad = "UIInterfaceOrientationPortrait UIInterfaceOrientationPortraitUpsideDown UIInterfaceOrientationLandscapeLeft UIInterfaceOrientationLandscapeRight";
				INFOPLIST_KEY_UISupportedInterfaceOrientations_iPhone = "UIInterfaceOrientationPortrait UIInterfaceOrientationLandscapeLeft UIInterfaceOrientationLandscapeRight";
				LD_RUNPATH_SEARCH_PATHS = (
					"$(inherited)",
					"@executable_path/Frameworks",
				);
				MARKETING_VERSION = 1.0;
				PRODUCT_BUNDLE_IDENTIFIER = co.drishtiregmi.MemorizeFromScratch;
				PRODUCT_NAME = "$(TARGET_NAME)";
				SWIFT_EMIT_LOC_STRINGS = YES;
				SWIFT_VERSION = 5.0;
				TARGETED_DEVICE_FAMILY = "1,2";
			};
			name = Debug;
		};
		24FF93502C2BFF3400354F25 /* Release */ = {
			isa = XCBuildConfiguration;
			buildSettings = {
				ASSETCATALOG_COMPILER_APPICON_NAME = AppIcon;
				ASSETCATALOG_COMPILER_GLOBAL_ACCENT_COLOR_NAME = AccentColor;
				CODE_SIGN_STYLE = Automatic;
				CURRENT_PROJECT_VERSION = 1;
				DEVELOPMENT_ASSET_PATHS = "\"MemorizeFromScratch/Preview Content\"";
				DEVELOPMENT_TEAM = QL4M34TH83;
				ENABLE_PREVIEWS = YES;
				GENERATE_INFOPLIST_FILE = YES;
				INFOPLIST_KEY_UIApplicationSceneManifest_Generation = YES;
				INFOPLIST_KEY_UIApplicationSupportsIndirectInputEvents = YES;
				INFOPLIST_KEY_UILaunchScreen_Generation = YES;
				INFOPLIST_KEY_UISupportedInterfaceOrientations_iPad = "UIInterfaceOrientationPortrait UIInterfaceOrientationPortraitUpsideDown UIInterfaceOrientationLandscapeLeft UIInterfaceOrientationLandscapeRight";
				INFOPLIST_KEY_UISupportedInterfaceOrientations_iPhone = "UIInterfaceOrientationPortrait UIInterfaceOrientationLandscapeLeft UIInterfaceOrientationLandscapeRight";
				LD_RUNPATH_SEARCH_PATHS = (
					"$(inherited)",
					"@executable_path/Frameworks",
				);
				MARKETING_VERSION = 1.0;
				PRODUCT_BUNDLE_IDENTIFIER = co.drishtiregmi.MemorizeFromScratch;
				PRODUCT_NAME = "$(TARGET_NAME)";
				SWIFT_EMIT_LOC_STRINGS = YES;
				SWIFT_VERSION = 5.0;
				TARGETED_DEVICE_FAMILY = "1,2";
			};
			name = Release;
		};
/* End XCBuildConfiguration section */

/* Begin XCConfigurationList section */
		24FF933B2C2BFF3200354F25 /* Build configuration list for PBXProject "MemorizeFromScratch" */ = {
			isa = XCConfigurationList;
			buildConfigurations = (
				24FF934C2C2BFF3400354F25 /* Debug */,
				24FF934D2C2BFF3400354F25 /* Release */,
			);
			defaultConfigurationIsVisible = 0;
			defaultConfigurationName = Release;
		};
		24FF934E2C2BFF3400354F25 /* Build configuration list for PBXNativeTarget "MemorizeFromScratch" */ = {
			isa = XCConfigurationList;
			buildConfigurations = (
				24FF934F2C2BFF3400354F25 /* Debug */,
				24FF93502C2BFF3400354F25 /* Release */,
			);
			defaultConfigurationIsVisible = 0;
			defaultConfigurationName = Release;
		};
/* End XCConfigurationList section */
	};
	rootObject = 24FF93382C2BFF3200354F25 /* Project object */;
}
